
Microsoft Visual Studio Solution File, Format Version 12.00
# Visual Studio Version 16
VisualStudioVersion = 16.0.30523.141
MinimumVisualStudioVersion = 10.0.40219.1
Project("{FAE04EC0-301F-11D3-BF4B-00C04F79EFBC}") = "HRChallenge", "HRChallenge\HRChallenge.csproj", "{BE2D605E-4869-4254-928F-E4104276746C}"
EndProject
Global
	GlobalSection(SolutionConfigurationPlatforms) = preSolution
		Debug|Any CPU = Debug|Any CPU
		Release|Any CPU = Release|Any CPU
	EndGlobalSection
	GlobalSection(ProjectConfigurationPlatforms) = postSolution
		{BE2D605E-4869-4254-928F-E4104276746C}.Debug|Any CPU.ActiveCfg = Debug|Any CPU
		{BE2D605E-4869-4254-928F-E4104276746C}.Debug|Any CPU.Build.0 = Debug|Any CPU
		{BE2D605E-4869-4254-928F-E4104276746C}.Release|Any CPU.ActiveCfg = Release|Any CPU
		{BE2D605E-4869-4254-928F-E4104276746C}.Release|Any CPU.Build.0 = Release|Any CPU
	EndGlobalSection
	GlobalSection(SolutionProperties) = preSolution
		HideSolutionNode = FALSE
	EndGlobalSection
	GlobalSection(ExtensibilityGlobals) = postSolution
		SolutionGuid = {6B32F3E3-F1BB-4E14-B681-341BC77F31F9}
	EndGlobalSection
EndGlobal
